{
  "version": 4,
  "terraform_version": "1.14.5",
  "serial": 8,
  "lineage": "e1ace172-268a-eb6d-d19e-cf19597ae301",
  "outputs": {},
  "resources": [
    {
      "module": "module.bronze_bucket",
      "mode": "managed",
      "type": "aws_s3_bucket",
      "name": "bronze",
      "provider": "provider[\"registry.terraform.io/hashicorp/aws\"]",
      "instances": [
        {
          "schema_version": 0,
          "attributes": {
            "acceleration_status": "",
            "acl": null,
            "arn": "arn:aws:s3:::enterprise-streaming-dev-bronze",
            "bucket": "enterprise-streaming-dev-bronze",
            "bucket_domain_name": "enterprise-streaming-dev-bronze.s3.amazonaws.com",
            "bucket_prefix": "",
            "bucket_region": "us-east-1",
            "bucket_regional_domain_name": "enterprise-streaming-dev-bronze.s3.us-east-1.amazonaws.com",
            "cors_rule": [],
            "force_destroy": false,
            "grant": [
              {
                "id": "7f1ca8329b95b25c61eae01f3f84d24c9603c9f9581b679ee4eefa5150d90b2e",
                "permissions": [
                  "FULL_CONTROL"
                ],
                "type": "CanonicalUser",
                "uri": ""
              }
            ],
            "hosted_zone_id": "Z3AQBSTGFYJSTF",
            "id": "enterprise-streaming-dev-bronze",
            "lifecycle_rule": [],
            "logging": [],
            "object_lock_configuration": [],
            "object_lock_enabled": false,
            "policy": "",
            "region": "us-east-1",
            "replication_configuration": [],
            "request_payer": "BucketOwner",
            "server_side_encryption_configuration": [
              {
                "rule": [
                  {
                    "apply_server_side_encryption_by_default": [
                      {
                        "kms_master_key_id": "",
                        "sse_algorithm": "AES256"
                      }
                    ],
                    "bucket_key_enabled": false
                  }
                ]
              }
            ],
            "tags": {
              "Environment": "dev",
              "Layer": "bronze",
              "Project": "enterprise-streaming-ml"
            },
            "tags_all": {
              "Environment": "dev",
              "Layer": "bronze",
              "Project": "enterprise-streaming-ml"
            },
            "timeouts": null,
            "versioning": [
              {
                "enabled": false,
                "mfa_delete": false
              }
            ],
            "website": [],
            "website_domain": null,
            "website_endpoint": null
          },
          "sensitive_attributes": [],
          "identity_schema_version": 0,
          "identity": {
            "account_id": "416573464919",
            "bucket": "enterprise-streaming-dev-bronze",
            "region": "us-east-1"
          },
          "private": "eyJlMmJmYjczMC1lY2FhLTExZTYtOGY4OC0zNDM2M2JjN2M0YzAiOnsiY3JlYXRlIjoxMjAwMDAwMDAwMDAwLCJkZWxldGUiOjM2MDAwMDAwMDAwMDAsInJlYWQiOjEyMDAwMDAwMDAwMDAsInVwZGF0ZSI6MTIwMDAwMDAwMDAwMH19"
        }
      ]
    },
    {
      "module": "module.bronze_bucket",
      "mode": "managed",
      "type": "aws_s3_bucket_lifecycle_configuration",
      "name": "bronze_lifecycle",
      "provider": "provider[\"registry.terraform.io/hashicorp/aws\"]",
      "instances": [
        {
          "schema_version": 1,
          "attributes": {
            "bucket": "enterprise-streaming-dev-bronze",
            "expected_bucket_owner": "",
            "id": "enterprise-streaming-dev-bronze",
            "region": "us-east-1",
            "rule": [
              {
                "abort_incomplete_multipart_upload": [],
                "expiration": [],
                "filter": [],
                "id": "transition-to-glacier",
                "noncurrent_version_expiration": [],
                "noncurrent_version_transition": [],
                "prefix": "",
                "status": "Enabled",
                "transition": [
                  {
                    "date": null,
                    "days": 30,
                    "storage_class": "GLACIER"
                  }
                ]
              }
            ],
            "timeouts": null,
            "transition_default_minimum_object_size": "all_storage_classes_128K"
          },
          "sensitive_attributes": [],
          "identity_schema_version": 0,
          "dependencies": [
            "module.bronze_bucket.aws_s3_bucket.bronze"
          ]
        }
      ]
    },
    {
      "module": "module.bronze_bucket",
      "mode": "managed",
      "type": "aws_s3_bucket_public_access_block",
      "name": "bronze_block",
      "provider": "provider[\"registry.terraform.io/hashicorp/aws\"]",
      "instances": [
        {
          "schema_version": 0,
          "attributes": {
            "block_public_acls": true,
            "block_public_policy": true,
            "bucket": "enterprise-streaming-dev-bronze",
            "id": "enterprise-streaming-dev-bronze",
            "ignore_public_acls": true,
            "region": "us-east-1",
            "restrict_public_buckets": true,
            "skip_destroy": null
          },
          "sensitive_attributes": [],
          "identity_schema_version": 0,
          "identity": {
            "account_id": "416573464919",
            "bucket": "enterprise-streaming-dev-bronze",
            "region": "us-east-1"
          },
          "private": "bnVsbA==",
          "dependencies": [
            "module.bronze_bucket.aws_s3_bucket.bronze"
          ]
        }
      ]
    },
    {
      "module": "module.bronze_bucket",
      "mode": "managed",
      "type": "aws_s3_bucket_server_side_encryption_configuration",
      "name": "bronze_encryption",
      "provider": "provider[\"registry.terraform.io/hashicorp/aws\"]",
      "instances": [
        {
          "schema_version": 0,
          "attributes": {
            "bucket": "enterprise-streaming-dev-bronze",
            "expected_bucket_owner": "",
            "id": "enterprise-streaming-dev-bronze",
            "region": "us-east-1",
            "rule": [
              {
                "apply_server_side_encryption_by_default": [
                  {
                    "kms_master_key_id": "",
                    "sse_algorithm": "AES256"
                  }
                ],
                "blocked_encryption_types": [],
                "bucket_key_enabled": null
              }
            ]
          },
          "sensitive_attributes": [],
          "identity_schema_version": 1,
          "identity": {
            "account_id": "416573464919",
            "bucket": "enterprise-streaming-dev-bronze",
            "region": "us-east-1"
          },
          "private": "bnVsbA==",
          "dependencies": [
            "module.bronze_bucket.aws_s3_bucket.bronze"
          ]
        }
      ]
    },
    {
      "module": "module.bronze_bucket",
      "mode": "managed",
      "type": "aws_s3_bucket_versioning",
      "name": "bronze_versioning",
      "provider": "provider[\"registry.terraform.io/hashicorp/aws\"]",
      "instances": [
        {
          "schema_version": 0,
          "attributes": {
            "bucket": "enterprise-streaming-dev-bronze",
            "expected_bucket_owner": "",
            "id": "enterprise-streaming-dev-bronze",
            "mfa": null,
            "region": "us-east-1",
            "versioning_configuration": [
              {
                "mfa_delete": "",
                "status": "Enabled"
              }
            ]
          },
          "sensitive_attributes": [],
          "identity_schema_version": 1,
          "identity": {
            "account_id": "416573464919",
            "bucket": "enterprise-streaming-dev-bronze",
            "region": "us-east-1"
          },
          "private": "bnVsbA==",
          "dependencies": [
            "module.bronze_bucket.aws_s3_bucket.bronze"
          ]
        }
      ]
    }
  ],
  "check_results": null
}
